{
  "nodes": {
    "flake-utils": {
      "locked": {
        "lastModified": 1659877975,
        "narHash": "sha256-zllb8aq3YO3h8B/U0/J1WBgAL8EX5yWf5pMj3G0NAmc=",
        "owner": "numtide",
        "repo": "flake-utils",
        "rev": "c0e246b9b83f637f4681389ecabcb2681b4f3af0",
        "type": "github"
      },
      "original": {
        "owner": "numtide",
        "repo": "flake-utils",
        "type": "github"
      }
    },
    "hm-isolation": {
      "locked": {
        "lastModified": 1661812080,
        "narHash": "sha256-W9yyRjrerfvcuuOps0/8HNZyagsYZVaeOdPN68naf/c=",
        "owner": "3442",
        "repo": "hm-isolation",
        "rev": "c11fdd11e22947cb2450df97821369de98c4933d",
        "type": "github"
      },
      "original": {
        "owner": "3442",
        "repo": "hm-isolation",
        "type": "github"
      }
    },
    "home-manager": {
      "inputs": {
        "nixpkgs": [
          "nixpkgs"
        ]
      },
      "locked": {
        "lastModified": 1712386041,
        "narHash": "sha256-dA82pOMQNnCJMAsPG7AXG35VmCSMZsJHTFlTHizpKWQ=",
        "owner": "nix-community",
        "repo": "home-manager",
        "rev": "d6bb9f934f2870e5cbc5b94c79e9db22246141ff",
        "type": "github"
      },
      "original": {
        "owner": "nix-community",
        "ref": "release-23.11",
        "repo": "home-manager",
        "type": "github"
      }
    },
    "nixGL": {
      "inputs": {
        "flake-utils": "flake-utils",
        "nixpkgs": "nixpkgs"
      },
      "locked": {
        "lastModified": 1710868679,
        "narHash": "sha256-V1o2bCZdeYKP/0zgVp4EN0KUjMItAMk6J7SvCXUI5IU=",
        "owner": "guibou",
        "repo": "nixGL",
        "rev": "d709a8abcde5b01db76ca794280745a43c8662be",
        "type": "github"
      },
      "original": {
        "owner": "guibou",
        "repo": "nixGL",
        "type": "github"
      }
    },
    "nixpkgs": {
      "locked": {
        "lastModified": 1660551188,
        "narHash": "sha256-a1LARMMYQ8DPx1BgoI/UN4bXe12hhZkCNqdxNi6uS0g=",
        "owner": "nixos",
        "repo": "nixpkgs",
        "rev": "441dc5d512153039f19ef198e662e4f3dbb9fd65",
        "type": "github"
      },
      "original": {
        "owner": "nixos",
        "repo": "nixpkgs",
        "type": "github"
      }
    },
    "nixpkgs_2": {
      "locked": {
        "lastModified": 1712437997,
        "narHash": "sha256-g0whLLwRvgO2FsyhY8fNk+TWenS3jg5UdlWL4uqgFeo=",
        "owner": "nixos",
        "repo": "nixpkgs",
        "rev": "e38d7cb66ea4f7a0eb6681920615dfcc30fc2920",
        "type": "github"
      },
      "original": {
        "owner": "nixos",
        "ref": "nixos-23.11",
        "repo": "nixpkgs",
        "type": "github"
      }
    },
    "nur": {
      "locked": {
        "lastModified": 1712600335,
        "narHash": "sha256-b7KyKuD9MytrbgRGWsLPjkUW+ZV1X3q9ibjItb9ejdo=",
        "owner": "nix-community",
        "repo": "NUR",
        "rev": "4c315f60bc1aba629ae7e429e53d490e5a42eca8",
        "type": "github"
      },
      "original": {
        "owner": "nix-community",
        "repo": "NUR",
        "type": "github"
      }
    },
    "root": {
      "inputs": {
        "hm-isolation": "hm-isolation",
        "home-manager": "home-manager",
        "nixGL": "nixGL",
        "nixpkgs": "nixpkgs_2",
        "nur": "nur",
        "unstable": "unstable"
      }
    },
    "unstable": {
      "locked": {
        "lastModified": 1712603480,
        "narHash": "sha256-zD6TIk9xCEDBNWzDKSVJXGYp3zw/d2yPfC2P8SM4J5k=",
        "owner": "nixos",
        "repo": "nixpkgs",
        "rev": "fdf020573d6298cb0dbe7a8df8ac4930b76afba6",
        "type": "github"
      },
      "original": {
        "owner": "nixos",
        "ref": "master",
        "repo": "nixpkgs",
        "type": "github"
      }
    }
  },
  "root": "root",
  "version": 7
}
